// !$*UTF8*$!
{
	archiveVersion = 1;
	classes = {
	};
	objectVersion = 56;
	objects = {

/* Begin PBXBuildFile section */
		885272D02B7A42DE001DC7FA /* chatOpenAiApp.swift in Sources */ = {isa = PBXBuildFile; fileRef = 885272CF2B7A42DE001DC7FA /* chatOpenAiApp.swift */; };
		885272D22B7A42DE001DC7FA /* ContentView.swift in Sources */ = {isa = PBXBuildFile; fileRef = 885272D12B7A42DE001DC7FA /* ContentView.swift */; };
		885272D42B7A42DE001DC7FA /* Item.swift in Sources */ = {isa = PBXBuildFile; fileRef = 885272D32B7A42DE001DC7FA /* Item.swift */; };
		885272D62B7A42DF001DC7FA /* Assets.xcassets in Resources */ = {isa = PBXBuildFile; fileRef = 885272D52B7A42DF001DC7FA /* Assets.xcassets */; };
		885272D92B7A42DF001DC7FA /* Preview Assets.xcassets in Resources */ = {isa = PBXBuildFile; fileRef = 885272D82B7A42DF001DC7FA /* Preview Assets.xcassets */; };
		885272E42B7A42DF001DC7FA /* chatOpenAiTests.swift in Sources */ = {isa = PBXBuildFile; fileRef = 885272E32B7A42DF001DC7FA /* chatOpenAiTests.swift */; };
		885272EE2B7A42DF001DC7FA /* chatOpenAiUITests.swift in Sources */ = {isa = PBXBuildFile; fileRef = 885272ED2B7A42DF001DC7FA /* chatOpenAiUITests.swift */; };
		885272F02B7A42DF001DC7FA /* chatOpenAiUITestsLaunchTests.swift in Sources */ = {isa = PBXBuildFile; fileRef = 885272EF2B7A42DF001DC7FA /* chatOpenAiUITestsLaunchTests.swift */; };
		885272FE2B7A4480001DC7FA /* NetwokService.swift in Sources */ = {isa = PBXBuildFile; fileRef = 885272FD2B7A4480001DC7FA /* NetwokService.swift */; };
		885273022B7A4DEB001DC7FA /* AppLogger.swift in Sources */ = {isa = PBXBuildFile; fileRef = 885273012B7A4DEB001DC7FA /* AppLogger.swift */; };
		885273062B7A612E001DC7FA /* MainView.swift in Sources */ = {isa = PBXBuildFile; fileRef = 885273052B7A612E001DC7FA /* MainView.swift */; };
		885273092B7A71C5001DC7FA /* SettingsView.swift in Sources */ = {isa = PBXBuildFile; fileRef = 885273082B7A71C5001DC7FA /* SettingsView.swift */; };
		888DED6B2B8CFEEB002D16AB /* UserDefaultsService.swift in Sources */ = {isa = PBXBuildFile; fileRef = 888DED6A2B8CFEEB002D16AB /* UserDefaultsService.swift */; };
		88B281072B910508008C8046 /* MarkdownUI in Frameworks */ = {isa = PBXBuildFile; productRef = 88B281062B910508008C8046 /* MarkdownUI */; };
		88B2810A2B910EE4008C8046 /* OpenAIResponseModel.swift in Sources */ = {isa = PBXBuildFile; fileRef = 88B281092B910EE4008C8046 /* OpenAIResponseModel.swift */; };
		88BA6CF12B89FAE80028C84A /* ViewModel.swift in Sources */ = {isa = PBXBuildFile; fileRef = 88BA6CF02B89FAE80028C84A /* ViewModel.swift */; };
		88BA6CF32B8A06660028C84A /* ChatBubbleShape.swift in Sources */ = {isa = PBXBuildFile; fileRef = 88BA6CF22B8A06660028C84A /* ChatBubbleShape.swift */; };
		88BA6CF52B8A068D0028C84A /* ChatBubbleView.swift in Sources */ = {isa = PBXBuildFile; fileRef = 88BA6CF42B8A068D0028C84A /* ChatBubbleView.swift */; };
		88BA6CF72B8A0E240028C84A /* FlippedUpsideDown.swift in Sources */ = {isa = PBXBuildFile; fileRef = 88BA6CF62B8A0E240028C84A /* FlippedUpsideDown.swift */; };
		88BA6CFA2B8A4B310028C84A /* KeychainService.swift in Sources */ = {isa = PBXBuildFile; fileRef = 88BA6CF92B8A4B310028C84A /* KeychainService.swift */; };
		88BA6CFC2B8A4B450028C84A /* SwiftDataService.swift in Sources */ = {isa = PBXBuildFile; fileRef = 88BA6CFB2B8A4B450028C84A /* SwiftDataService.swift */; };
/* End PBXBuildFile section */

/* Begin PBXContainerItemProxy section */
		885272E02B7A42DF001DC7FA /* PBXContainerItemProxy */ = {
			isa = PBXContainerItemProxy;
			containerPortal = 885272C42B7A42DE001DC7FA /* Project object */;
			proxyType = 1;
			remoteGlobalIDString = 885272CB2B7A42DE001DC7FA;
			remoteInfo = chatOpenAi;
		};
		885272EA2B7A42DF001DC7FA /* PBXContainerItemProxy */ = {
			isa = PBXContainerItemProxy;
			containerPortal = 885272C42B7A42DE001DC7FA /* Project object */;
			proxyType = 1;
			remoteGlobalIDString = 885272CB2B7A42DE001DC7FA;
			remoteInfo = chatOpenAi;
		};
/* End PBXContainerItemProxy section */

/* Begin PBXFileReference section */
		885272CC2B7A42DE001DC7FA /* chatOpenAi.app */ = {isa = PBXFileReference; explicitFileType = wrapper.application; includeInIndex = 0; path = chatOpenAi.app; sourceTree = BUILT_PRODUCTS_DIR; };
		885272CF2B7A42DE001DC7FA /* chatOpenAiApp.swift */ = {isa = PBXFileReference; lastKnownFileType = sourcecode.swift; path = chatOpenAiApp.swift; sourceTree = "<group>"; };
		885272D12B7A42DE001DC7FA /* ContentView.swift */ = {isa = PBXFileReference; lastKnownFileType = sourcecode.swift; path = ContentView.swift; sourceTree = "<group>"; };
		885272D32B7A42DE001DC7FA /* Item.swift */ = {isa = PBXFileReference; lastKnownFileType = sourcecode.swift; path = Item.swift; sourceTree = "<group>"; };
		885272D52B7A42DF001DC7FA /* Assets.xcassets */ = {isa = PBXFileReference; lastKnownFileType = folder.assetcatalog; path = Assets.xcassets; sourceTree = "<group>"; };
		885272D82B7A42DF001DC7FA /* Preview Assets.xcassets */ = {isa = PBXFileReference; lastKnownFileType = folder.assetcatalog; path = "Preview Assets.xcassets"; sourceTree = "<group>"; };
		885272DA2B7A42DF001DC7FA /* chatOpenAi.entitlements */ = {isa = PBXFileReference; lastKnownFileType = text.plist.entitlements; path = chatOpenAi.entitlements; sourceTree = "<group>"; };
		885272DF2B7A42DF001DC7FA /* chatOpenAiTests.xctest */ = {isa = PBXFileReference; explicitFileType = wrapper.cfbundle; includeInIndex = 0; path = chatOpenAiTests.xctest; sourceTree = BUILT_PRODUCTS_DIR; };
		885272E32B7A42DF001DC7FA /* chatOpenAiTests.swift */ = {isa = PBXFileReference; lastKnownFileType = sourcecode.swift; path = chatOpenAiTests.swift; sourceTree = "<group>"; };
		885272E92B7A42DF001DC7FA /* chatOpenAiUITests.xctest */ = {isa = PBXFileReference; explicitFileType = wrapper.cfbundle; includeInIndex = 0; path = chatOpenAiUITests.xctest; sourceTree = BUILT_PRODUCTS_DIR; };
		885272ED2B7A42DF001DC7FA /* chatOpenAiUITests.swift */ = {isa = PBXFileReference; lastKnownFileType = sourcecode.swift; path = chatOpenAiUITests.swift; sourceTree = "<group>"; };
		885272EF2B7A42DF001DC7FA /* chatOpenAiUITestsLaunchTests.swift */ = {isa = PBXFileReference; lastKnownFileType = sourcecode.swift; path = chatOpenAiUITestsLaunchTests.swift; sourceTree = "<group>"; };
		885272FD2B7A4480001DC7FA /* NetwokService.swift */ = {isa = PBXFileReference; lastKnownFileType = sourcecode.swift; path = NetwokService.swift; sourceTree = "<group>"; };
		885273012B7A4DEB001DC7FA /* AppLogger.swift */ = {isa = PBXFileReference; lastKnownFileType = sourcecode.swift; path = AppLogger.swift; sourceTree = "<group>"; };
		885273052B7A612E001DC7FA /* MainView.swift */ = {isa = PBXFileReference; lastKnownFileType = sourcecode.swift; path = MainView.swift; sourceTree = "<group>"; };
		885273082B7A71C5001DC7FA /* SettingsView.swift */ = {isa = PBXFileReference; lastKnownFileType = sourcecode.swift; path = SettingsView.swift; sourceTree = "<group>"; };
		888DED6A2B8CFEEB002D16AB /* UserDefaultsService.swift */ = {isa = PBXFileReference; lastKnownFileType = sourcecode.swift; path = UserDefaultsService.swift; sourceTree = "<group>"; };
		88B281092B910EE4008C8046 /* OpenAIResponseModel.swift */ = {isa = PBXFileReference; lastKnownFileType = sourcecode.swift; path = OpenAIResponseModel.swift; sourceTree = "<group>"; };
		88BA6CF02B89FAE80028C84A /* ViewModel.swift */ = {isa = PBXFileReference; lastKnownFileType = sourcecode.swift; path = ViewModel.swift; sourceTree = "<group>"; };
		88BA6CF22B8A06660028C84A /* ChatBubbleShape.swift */ = {isa = PBXFileReference; lastKnownFileType = sourcecode.swift; path = ChatBubbleShape.swift; sourceTree = "<group>"; };
		88BA6CF42B8A068D0028C84A /* ChatBubbleView.swift */ = {isa = PBXFileReference; lastKnownFileType = sourcecode.swift; path = ChatBubbleView.swift; sourceTree = "<group>"; };
		88BA6CF62B8A0E240028C84A /* FlippedUpsideDown.swift */ = {isa = PBXFileReference; lastKnownFileType = sourcecode.swift; path = FlippedUpsideDown.swift; sourceTree = "<group>"; };
		88BA6CF92B8A4B310028C84A /* KeychainService.swift */ = {isa = PBXFileReference; lastKnownFileType = sourcecode.swift; path = KeychainService.swift; sourceTree = "<group>"; };
		88BA6CFB2B8A4B450028C84A /* SwiftDataService.swift */ = {isa = PBXFileReference; lastKnownFileType = sourcecode.swift; path = SwiftDataService.swift; sourceTree = "<group>"; };
/* End PBXFileReference section */

/* Begin PBXFrameworksBuildPhase section */
		885272C92B7A42DE001DC7FA /* Frameworks */ = {
			isa = PBXFrameworksBuildPhase;
			buildActionMask = 2147483647;
			files = (
				88B281072B910508008C8046 /* MarkdownUI in Frameworks */,
			);
			runOnlyForDeploymentPostprocessing = 0;
		};
		885272DC2B7A42DF001DC7FA /* Frameworks */ = {
			isa = PBXFrameworksBuildPhase;
			buildActionMask = 2147483647;
			files = (
			);
			runOnlyForDeploymentPostprocessing = 0;
		};
		885272E62B7A42DF001DC7FA /* Frameworks */ = {
			isa = PBXFrameworksBuildPhase;
			buildActionMask = 2147483647;
			files = (
			);
			runOnlyForDeploymentPostprocessing = 0;
		};
/* End PBXFrameworksBuildPhase section */

/* Begin PBXGroup section */
		885272C32B7A42DE001DC7FA = {
			isa = PBXGroup;
			children = (
				885272CE2B7A42DE001DC7FA /* chatOpenAi */,
				885272E22B7A42DF001DC7FA /* chatOpenAiTests */,
				885272EC2B7A42DF001DC7FA /* chatOpenAiUITests */,
				885272CD2B7A42DE001DC7FA /* Products */,
			);
			sourceTree = "<group>";
		};
		885272CD2B7A42DE001DC7FA /* Products */ = {
			isa = PBXGroup;
			children = (
				885272CC2B7A42DE001DC7FA /* chatOpenAi.app */,
				885272DF2B7A42DF001DC7FA /* chatOpenAiTests.xctest */,
				885272E92B7A42DF001DC7FA /* chatOpenAiUITests.xctest */,
			);
			name = Products;
			sourceTree = "<group>";
		};
		885272CE2B7A42DE001DC7FA /* chatOpenAi */ = {
			isa = PBXGroup;
			children = (
				88BA6CF82B8A4B150028C84A /* Persistance */,
				88BA6CEF2B89FAD20028C84A /* ViewModel */,
				885272FF2B7A4DC5001DC7FA /* Utility */,
				885272FC2B7A4454001DC7FA /* Network */,
				885273032B7A6113001DC7FA /* View */,
				88B281082B910EBA008C8046 /* Model */,
				88B2810B2B910F99008C8046 /* temp */,
				885272CF2B7A42DE001DC7FA /* chatOpenAiApp.swift */,
				885272D52B7A42DF001DC7FA /* Assets.xcassets */,
				885272DA2B7A42DF001DC7FA /* chatOpenAi.entitlements */,
				885272D72B7A42DF001DC7FA /* Preview Content */,
			);
			path = chatOpenAi;
			sourceTree = "<group>";
		};
		885272D72B7A42DF001DC7FA /* Preview Content */ = {
			isa = PBXGroup;
			children = (
				885272D82B7A42DF001DC7FA /* Preview Assets.xcassets */,
			);
			path = "Preview Content";
			sourceTree = "<group>";
		};
		885272E22B7A42DF001DC7FA /* chatOpenAiTests */ = {
			isa = PBXGroup;
			children = (
				885272E32B7A42DF001DC7FA /* chatOpenAiTests.swift */,
			);
			path = chatOpenAiTests;
			sourceTree = "<group>";
		};
		885272EC2B7A42DF001DC7FA /* chatOpenAiUITests */ = {
			isa = PBXGroup;
			children = (
				885272ED2B7A42DF001DC7FA /* chatOpenAiUITests.swift */,
				885272EF2B7A42DF001DC7FA /* chatOpenAiUITestsLaunchTests.swift */,
			);
			path = chatOpenAiUITests;
			sourceTree = "<group>";
		};
		885272FC2B7A4454001DC7FA /* Network */ = {
			isa = PBXGroup;
			children = (
				885272FD2B7A4480001DC7FA /* NetwokService.swift */,
			);
			path = Network;
			sourceTree = "<group>";
		};
		885272FF2B7A4DC5001DC7FA /* Utility */ = {
			isa = PBXGroup;
			children = (
				885273012B7A4DEB001DC7FA /* AppLogger.swift */,
			);
			path = Utility;
			sourceTree = "<group>";
		};
		885273032B7A6113001DC7FA /* View */ = {
			isa = PBXGroup;
			children = (
				885273072B7A718C001DC7FA /* Settings */,
				885273042B7A611D001DC7FA /* MainView */,
			);
			path = View;
			sourceTree = "<group>";
		};
		885273042B7A611D001DC7FA /* MainView */ = {
			isa = PBXGroup;
			children = (
				885273052B7A612E001DC7FA /* MainView.swift */,
				88BA6CF62B8A0E240028C84A /* FlippedUpsideDown.swift */,
				88BA6CF22B8A06660028C84A /* ChatBubbleShape.swift */,
				88BA6CF42B8A068D0028C84A /* ChatBubbleView.swift */,
			);
			path = MainView;
			sourceTree = "<group>";
		};
		885273072B7A718C001DC7FA /* Settings */ = {
			isa = PBXGroup;
			children = (
				885273082B7A71C5001DC7FA /* SettingsView.swift */,
			);
			path = Settings;
			sourceTree = "<group>";
		};
		88B281082B910EBA008C8046 /* Model */ = {
			isa = PBXGroup;
			children = (
				88B281092B910EE4008C8046 /* OpenAIResponseModel.swift */,
			);
			path = Model;
			sourceTree = "<group>";
		};
		88B2810B2B910F99008C8046 /* temp */ = {
			isa = PBXGroup;
			children = (
				885272D12B7A42DE001DC7FA /* ContentView.swift */,
				885272D32B7A42DE001DC7FA /* Item.swift */,
			);
			path = temp;
			sourceTree = "<group>";
		};
		88BA6CEF2B89FAD20028C84A /* ViewModel */ = {
			isa = PBXGroup;
			children = (
				88BA6CF02B89FAE80028C84A /* ViewModel.swift */,
			);
			path = ViewModel;
			sourceTree = "<group>";
		};
		88BA6CF82B8A4B150028C84A /* Persistance */ = {
			isa = PBXGroup;
			children = (
				88BA6CF92B8A4B310028C84A /* KeychainService.swift */,
				88BA6CFB2B8A4B450028C84A /* SwiftDataService.swift */,
				888DED6A2B8CFEEB002D16AB /* UserDefaultsService.swift */,
			);
			path = Persistance;
			sourceTree = "<group>";
		};
/* End PBXGroup section */

/* Begin PBXNativeTarget section */
		885272CB2B7A42DE001DC7FA /* chatOpenAi */ = {
			isa = PBXNativeTarget;
			buildConfigurationList = 885272F32B7A42DF001DC7FA /* Build configuration list for PBXNativeTarget "chatOpenAi" */;
			buildPhases = (
				885272C82B7A42DE001DC7FA /* Sources */,
				885272C92B7A42DE001DC7FA /* Frameworks */,
				885272CA2B7A42DE001DC7FA /* Resources */,
			);
			buildRules = (
			);
			dependencies = (
			);
			name = chatOpenAi;
			packageProductDependencies = (
				88B281062B910508008C8046 /* MarkdownUI */,
			);
			productName = chatOpenAi;
			productReference = 885272CC2B7A42DE001DC7FA /* chatOpenAi.app */;
			productType = "com.apple.product-type.application";
		};
		885272DE2B7A42DF001DC7FA /* chatOpenAiTests */ = {
			isa = PBXNativeTarget;
			buildConfigurationList = 885272F62B7A42DF001DC7FA /* Build configuration list for PBXNativeTarget "chatOpenAiTests" */;
			buildPhases = (
				885272DB2B7A42DF001DC7FA /* Sources */,
				885272DC2B7A42DF001DC7FA /* Frameworks */,
				885272DD2B7A42DF001DC7FA /* Resources */,
			);
			buildRules = (
			);
			dependencies = (
				885272E12B7A42DF001DC7FA /* PBXTargetDependency */,
			);
			name = chatOpenAiTests;
			productName = chatOpenAiTests;
			productReference = 885272DF2B7A42DF001DC7FA /* chatOpenAiTests.xctest */;
			productType = "com.apple.product-type.bundle.unit-test";
		};
		885272E82B7A42DF001DC7FA /* chatOpenAiUITests */ = {
			isa = PBXNativeTarget;
			buildConfigurationList = 885272F92B7A42DF001DC7FA /* Build configuration list for PBXNativeTarget "chatOpenAiUITests" */;
			buildPhases = (
				885272E52B7A42DF001DC7FA /* Sources */,
				885272E62B7A42DF001DC7FA /* Frameworks */,
				885272E72B7A42DF001DC7FA /* Resources */,
			);
			buildRules = (
			);
			dependencies = (
				885272EB2B7A42DF001DC7FA /* PBXTargetDependency */,
			);
			name = chatOpenAiUITests;
			productName = chatOpenAiUITests;
			productReference = 885272E92B7A42DF001DC7FA /* chatOpenAiUITests.xctest */;
			productType = "com.apple.product-type.bundle.ui-testing";
		};
/* End PBXNativeTarget section */

/* Begin PBXProject section */
		885272C42B7A42DE001DC7FA /* Project object */ = {
			isa = PBXProject;
			attributes = {
				BuildIndependentTargetsInParallel = 1;
				LastSwiftUpdateCheck = 1520;
				LastUpgradeCheck = 1520;
				TargetAttributes = {
					885272CB2B7A42DE001DC7FA = {
						CreatedOnToolsVersion = 15.2;
					};
					885272DE2B7A42DF001DC7FA = {
						CreatedOnToolsVersion = 15.2;
						TestTargetID = 885272CB2B7A42DE001DC7FA;
					};
					885272E82B7A42DF001DC7FA = {
						CreatedOnToolsVersion = 15.2;
						TestTargetID = 885272CB2B7A42DE001DC7FA;
					};
				};
			};
			buildConfigurationList = 885272C72B7A42DE001DC7FA /* Build configuration list for PBXProject "chatOpenAi" */;
			compatibilityVersion = "Xcode 14.0";
			developmentRegion = en;
			hasScannedForEncodings = 0;
			knownRegions = (
				en,
				Base,
			);
			mainGroup = 885272C32B7A42DE001DC7FA;
			packageReferences = (
				88B281052B910508008C8046 /* XCRemoteSwiftPackageReference "swift-markdown-ui" */,
			);
			productRefGroup = 885272CD2B7A42DE001DC7FA /* Products */;
			projectDirPath = "";
			projectRoot = "";
			targets = (
				885272CB2B7A42DE001DC7FA /* chatOpenAi */,
				885272DE2B7A42DF001DC7FA /* chatOpenAiTests */,
				885272E82B7A42DF001DC7FA /* chatOpenAiUITests */,
			);
		};
/* End PBXProject section */

/* Begin PBXResourcesBuildPhase section */
		885272CA2B7A42DE001DC7FA /* Resources */ = {
			isa = PBXResourcesBuildPhase;
			buildActionMask = 2147483647;
			files = (
				885272D92B7A42DF001DC7FA /* Preview Assets.xcassets in Resources */,
				885272D62B7A42DF001DC7FA /* Assets.xcassets in Resources */,
			);
			runOnlyForDeploymentPostprocessing = 0;
		};
		885272DD2B7A42DF001DC7FA /* Resources */ = {
			isa = PBXResourcesBuildPhase;
			buildActionMask = 2147483647;
			files = (
			);
			runOnlyForDeploymentPostprocessing = 0;
		};
		885272E72B7A42DF001DC7FA /* Resources */ = {
			isa = PBXResourcesBuildPhase;
			buildActionMask = 2147483647;
			files = (
			);
			runOnlyForDeploymentPostprocessing = 0;
		};
/* End PBXResourcesBuildPhase section */

/* Begin PBXSourcesBuildPhase section */
		885272C82B7A42DE001DC7FA /* Sources */ = {
			isa = PBXSourcesBuildPhase;
			buildActionMask = 2147483647;
			files = (
				88BA6CF12B89FAE80028C84A /* ViewModel.swift in Sources */,
				88BA6CF32B8A06660028C84A /* ChatBubbleShape.swift in Sources */,
				88BA6CFC2B8A4B450028C84A /* SwiftDataService.swift in Sources */,
				885273092B7A71C5001DC7FA /* SettingsView.swift in Sources */,
				885272D22B7A42DE001DC7FA /* ContentView.swift in Sources */,
				88BA6CF52B8A068D0028C84A /* ChatBubbleView.swift in Sources */,
				88BA6CFA2B8A4B310028C84A /* KeychainService.swift in Sources */,
				885273062B7A612E001DC7FA /* MainView.swift in Sources */,
				88B2810A2B910EE4008C8046 /* OpenAIResponseModel.swift in Sources */,
				888DED6B2B8CFEEB002D16AB /* UserDefaultsService.swift in Sources */,
				885273022B7A4DEB001DC7FA /* AppLogger.swift in Sources */,
				885272D42B7A42DE001DC7FA /* Item.swift in Sources */,
				885272D02B7A42DE001DC7FA /* chatOpenAiApp.swift in Sources */,
				88BA6CF72B8A0E240028C84A /* FlippedUpsideDown.swift in Sources */,
				885272FE2B7A4480001DC7FA /* NetwokService.swift in Sources */,
			);
			runOnlyForDeploymentPostprocessing = 0;
		};
		885272DB2B7A42DF001DC7FA /* Sources */ = {
			isa = PBXSourcesBuildPhase;
			buildActionMask = 2147483647;
			files = (
				885272E42B7A42DF001DC7FA /* chatOpenAiTests.swift in Sources */,
			);
			runOnlyForDeploymentPostprocessing = 0;
		};
		885272E52B7A42DF001DC7FA /* Sources */ = {
			isa = PBXSourcesBuildPhase;
			buildActionMask = 2147483647;
			files = (
				885272F02B7A42DF001DC7FA /* chatOpenAiUITestsLaunchTests.swift in Sources */,
				885272EE2B7A42DF001DC7FA /* chatOpenAiUITests.swift in Sources */,
			);
			runOnlyForDeploymentPostprocessing = 0;
		};
/* End PBXSourcesBuildPhase section */

/* Begin PBXTargetDependency section */
		885272E12B7A42DF001DC7FA /* PBXTargetDependency */ = {
			isa = PBXTargetDependency;
			target = 885272CB2B7A42DE001DC7FA /* chatOpenAi */;
			targetProxy = 885272E02B7A42DF001DC7FA /* PBXContainerItemProxy */;
		};
		885272EB2B7A42DF001DC7FA /* PBXTargetDependency */ = {
			isa = PBXTargetDependency;
			target = 885272CB2B7A42DE001DC7FA /* chatOpenAi */;
			targetProxy = 885272EA2B7A42DF001DC7FA /* PBXContainerItemProxy */;
		};
/* End PBXTargetDependency section */

/* Begin XCBuildConfiguration section */
		885272F12B7A42DF001DC7FA /* Debug */ = {
			isa = XCBuildConfiguration;
			buildSettings = {
				ALWAYS_SEARCH_USER_PATHS = NO;
				ASSETCATALOG_COMPILER_GENERATE_SWIFT_ASSET_SYMBOL_EXTENSIONS = YES;
				CLANG_ANALYZER_NONNULL = YES;
				CLANG_ANALYZER_NUMBER_OBJECT_CONVERSION = YES_AGGRESSIVE;
				CLANG_CXX_LANGUAGE_STANDARD = "gnu++20";
				CLANG_ENABLE_MODULES = YES;
				CLANG_ENABLE_OBJC_ARC = YES;
				CLANG_ENABLE_OBJC_WEAK = YES;
				CLANG_WARN_BLOCK_CAPTURE_AUTORELEASING = YES;
				CLANG_WARN_BOOL_CONVERSION = YES;
				CLANG_WARN_COMMA = YES;
				CLANG_WARN_CONSTANT_CONVERSION = YES;
				CLANG_WARN_DEPRECATED_OBJC_IMPLEMENTATIONS = YES;
				CLANG_WARN_DIRECT_OBJC_ISA_USAGE = YES_ERROR;
				CLANG_WARN_DOCUMENTATION_COMMENTS = YES;
				CLANG_WARN_EMPTY_BODY = YES;
				CLANG_WARN_ENUM_CONVERSION = YES;
				CLANG_WARN_INFINITE_RECURSION = YES;
				CLANG_WARN_INT_CONVERSION = YES;
				CLANG_WARN_NON_LITERAL_NULL_CONVERSION = YES;
				CLANG_WARN_OBJC_IMPLICIT_RETAIN_SELF = YES;
				CLANG_WARN_OBJC_LITERAL_CONVERSION = YES;
				CLANG_WARN_OBJC_ROOT_CLASS = YES_ERROR;
				CLANG_WARN_QUOTED_INCLUDE_IN_FRAMEWORK_HEADER = YES;
				CLANG_WARN_RANGE_LOOP_ANALYSIS = YES;
				CLANG_WARN_STRICT_PROTOTYPES = YES;
				CLANG_WARN_SUSPICIOUS_MOVE = YES;
				CLANG_WARN_UNGUARDED_AVAILABILITY = YES_AGGRESSIVE;
				CLANG_WARN_UNREACHABLE_CODE = YES;
				CLANG_WARN__DUPLICATE_METHOD_MATCH = YES;
				COPY_PHASE_STRIP = NO;
				DEBUG_INFORMATION_FORMAT = dwarf;
				ENABLE_STRICT_OBJC_MSGSEND = YES;
				ENABLE_TESTABILITY = YES;
				ENABLE_USER_SCRIPT_SANDBOXING = YES;
				GCC_C_LANGUAGE_STANDARD = gnu17;
				GCC_DYNAMIC_NO_PIC = NO;
				GCC_NO_COMMON_BLOCKS = YES;
				GCC_OPTIMIZATION_LEVEL = 0;
				GCC_PREPROCESSOR_DEFINITIONS = (
					"DEBUG=1",
					"$(inherited)",
				);
				GCC_WARN_64_TO_32_BIT_CONVERSION = YES;
				GCC_WARN_ABOUT_RETURN_TYPE = YES_ERROR;
				GCC_WARN_UNDECLARED_SELECTOR = YES;
				GCC_WARN_UNINITIALIZED_AUTOS = YES_AGGRESSIVE;
				GCC_WARN_UNUSED_FUNCTION = YES;
				GCC_WARN_UNUSED_VARIABLE = YES;
				LOCALIZATION_PREFERS_STRING_CATALOGS = YES;
				MACOSX_DEPLOYMENT_TARGET = 14.2;
				MTL_ENABLE_DEBUG_INFO = INCLUDE_SOURCE;
				MTL_FAST_MATH = YES;
				ONLY_ACTIVE_ARCH = YES;
				SDKROOT = macosx;
				SWIFT_ACTIVE_COMPILATION_CONDITIONS = "DEBUG $(inherited)";
				SWIFT_OPTIMIZATION_LEVEL = "-Onone";
			};
			name = Debug;
		};
		885272F22B7A42DF001DC7FA /* Release */ = {
			isa = XCBuildConfiguration;
			buildSettings = {
				ALWAYS_SEARCH_USER_PATHS = NO;
				ASSETCATALOG_COMPILER_GENERATE_SWIFT_ASSET_SYMBOL_EXTENSIONS = YES;
				CLANG_ANALYZER_NONNULL = YES;
				CLANG_ANALYZER_NUMBER_OBJECT_CONVERSION = YES_AGGRESSIVE;
				CLANG_CXX_LANGUAGE_STANDARD = "gnu++20";
				CLANG_ENABLE_MODULES = YES;
				CLANG_ENABLE_OBJC_ARC = YES;
				CLANG_ENABLE_OBJC_WEAK = YES;
				CLANG_WARN_BLOCK_CAPTURE_AUTORELEASING = YES;
				CLANG_WARN_BOOL_CONVERSION = YES;
				CLANG_WARN_COMMA = YES;
				CLANG_WARN_CONSTANT_CONVERSION = YES;
				CLANG_WARN_DEPRECATED_OBJC_IMPLEMENTATIONS = YES;
				CLANG_WARN_DIRECT_OBJC_ISA_USAGE = YES_ERROR;
				CLANG_WARN_DOCUMENTATION_COMMENTS = YES;
				CLANG_WARN_EMPTY_BODY = YES;
				CLANG_WARN_ENUM_CONVERSION = YES;
				CLANG_WARN_INFINITE_RECURSION = YES;
				CLANG_WARN_INT_CONVERSION = YES;
				CLANG_WARN_NON_LITERAL_NULL_CONVERSION = YES;
				CLANG_WARN_OBJC_IMPLICIT_RETAIN_SELF = YES;
				CLANG_WARN_OBJC_LITERAL_CONVERSION = YES;
				CLANG_WARN_OBJC_ROOT_CLASS = YES_ERROR;
				CLANG_WARN_QUOTED_INCLUDE_IN_FRAMEWORK_HEADER = YES;
				CLANG_WARN_RANGE_LOOP_ANALYSIS = YES;
				CLANG_WARN_STRICT_PROTOTYPES = YES;
				CLANG_WARN_SUSPICIOUS_MOVE = YES;
				CLANG_WARN_UNGUARDED_AVAILABILITY = YES_AGGRESSIVE;
				CLANG_WARN_UNREACHABLE_CODE = YES;
				CLANG_WARN__DUPLICATE_METHOD_MATCH = YES;
				COPY_PHASE_STRIP = NO;
				DEBUG_INFORMATION_FORMAT = "dwarf-with-dsym";
				ENABLE_NS_ASSERTIONS = NO;
				ENABLE_STRICT_OBJC_MSGSEND = YES;
				ENABLE_USER_SCRIPT_SANDBOXING = YES;
				GCC_C_LANGUAGE_STANDARD = gnu17;
				GCC_NO_COMMON_BLOCKS = YES;
				GCC_WARN_64_TO_32_BIT_CONVERSION = YES;
				GCC_WARN_ABOUT_RETURN_TYPE = YES_ERROR;
				GCC_WARN_UNDECLARED_SELECTOR = YES;
				GCC_WARN_UNINITIALIZED_AUTOS = YES_AGGRESSIVE;
				GCC_WARN_UNUSED_FUNCTION = YES;
				GCC_WARN_UNUSED_VARIABLE = YES;
				LOCALIZATION_PREFERS_STRING_CATALOGS = YES;
				MACOSX_DEPLOYMENT_TARGET = 14.2;
				MTL_ENABLE_DEBUG_INFO = NO;
				MTL_FAST_MATH = YES;
				SDKROOT = macosx;
				SWIFT_COMPILATION_MODE = wholemodule;
			};
			name = Release;
		};
		885272F42B7A42DF001DC7FA /* Debug */ = {
			isa = XCBuildConfiguration;
			buildSettings = {
				ASSETCATALOG_COMPILER_APPICON_NAME = AppIcon;
				ASSETCATALOG_COMPILER_GLOBAL_ACCENT_COLOR_NAME = AccentColor;
				CODE_SIGN_ENTITLEMENTS = chatOpenAi/chatOpenAi.entitlements;
				CODE_SIGN_STYLE = Automatic;
				COMBINE_HIDPI_IMAGES = YES;
				CURRENT_PROJECT_VERSION = 1;
				DEVELOPMENT_ASSET_PATHS = "\"chatOpenAi/Preview Content\"";
				DEVELOPMENT_TEAM = 48ZGK5S53A;
				ENABLE_HARDENED_RUNTIME = YES;
				ENABLE_PREVIEWS = YES;
				GENERATE_INFOPLIST_FILE = YES;
				INFOPLIST_KEY_NSHumanReadableCopyright = "";
				LD_RUNPATH_SEARCH_PATHS = (
					"$(inherited)",
					"@executable_path/../Frameworks",
				);
				MACOSX_DEPLOYMENT_TARGET = 14.0;
				MARKETING_VERSION = 1.0;
				PRODUCT_BUNDLE_IDENTIFIER = dev.oleksi.chatOpenAi;
				PRODUCT_NAME = "$(TARGET_NAME)";
				SWIFT_EMIT_LOC_STRINGS = YES;
				SWIFT_VERSION = 5.0;
			};
			name = Debug;
		};
		885272F52B7A42DF001DC7FA /* Release */ = {
			isa = XCBuildConfiguration;
			buildSettings = {
				ASSETCATALOG_COMPILER_APPICON_NAME = AppIcon;
				ASSETCATALOG_COMPILER_GLOBAL_ACCENT_COLOR_NAME = AccentColor;
				CODE_SIGN_ENTITLEMENTS = chatOpenAi/chatOpenAi.entitlements;
				CODE_SIGN_STYLE = Automatic;
				COMBINE_HIDPI_IMAGES = YES;
				CURRENT_PROJECT_VERSION = 1;
				DEVELOPMENT_ASSET_PATHS = "\"chatOpenAi/Preview Content\"";
				DEVELOPMENT_TEAM = 48ZGK5S53A;
				ENABLE_HARDENED_RUNTIME = YES;
				ENABLE_PREVIEWS = YES;
				GENERATE_INFOPLIST_FILE = YES;
				INFOPLIST_KEY_NSHumanReadableCopyright = "";
				LD_RUNPATH_SEARCH_PATHS = (
					"$(inherited)",
					"@executable_path/../Frameworks",
				);
				MACOSX_DEPLOYMENT_TARGET = 14.0;
				MARKETING_VERSION = 1.0;
				PRODUCT_BUNDLE_IDENTIFIER = dev.oleksi.chatOpenAi;
				PRODUCT_NAME = "$(TARGET_NAME)";
				SWIFT_EMIT_LOC_STRINGS = YES;
				SWIFT_VERSION = 5.0;
			};
			name = Release;
		};
		885272F72B7A42DF001DC7FA /* Debug */ = {
			isa = XCBuildConfiguration;
			buildSettings = {
				ALWAYS_EMBED_SWIFT_STANDARD_LIBRARIES = YES;
				BUNDLE_LOADER = "$(TEST_HOST)";
				CODE_SIGN_STYLE = Automatic;
				CURRENT_PROJECT_VERSION = 1;
				DEVELOPMENT_TEAM = 48ZGK5S53A;
				GENERATE_INFOPLIST_FILE = YES;
				MACOSX_DEPLOYMENT_TARGET = 14.0;
				MARKETING_VERSION = 1.0;
				PRODUCT_BUNDLE_IDENTIFIER = dev.oleksi.chatOpenAiTests;
				PRODUCT_NAME = "$(TARGET_NAME)";
				SWIFT_EMIT_LOC_STRINGS = NO;
				SWIFT_VERSION = 5.0;
				TEST_HOST = "$(BUILT_PRODUCTS_DIR)/chatOpenAi.app/$(BUNDLE_EXECUTABLE_FOLDER_PATH)/chatOpenAi";
			};
			name = Debug;
		};
		885272F82B7A42DF001DC7FA /* Release */ = {
			isa = XCBuildConfiguration;
			buildSettings = {
				ALWAYS_EMBED_SWIFT_STANDARD_LIBRARIES = YES;
				BUNDLE_LOADER = "$(TEST_HOST)";
				CODE_SIGN_STYLE = Automatic;
				CURRENT_PROJECT_VERSION = 1;
				DEVELOPMENT_TEAM = 48ZGK5S53A;
				GENERATE_INFOPLIST_FILE = YES;
				MACOSX_DEPLOYMENT_TARGET = 14.0;
				MARKETING_VERSION = 1.0;
				PRODUCT_BUNDLE_IDENTIFIER = dev.oleksi.chatOpenAiTests;
				PRODUCT_NAME = "$(TARGET_NAME)";
				SWIFT_EMIT_LOC_STRINGS = NO;
				SWIFT_VERSION = 5.0;
				TEST_HOST = "$(BUILT_PRODUCTS_DIR)/chatOpenAi.app/$(BUNDLE_EXECUTABLE_FOLDER_PATH)/chatOpenAi";
			};
			name = Release;
		};
		885272FA2B7A42DF001DC7FA /* Debug */ = {
			isa = XCBuildConfiguration;
			buildSettings = {
				ALWAYS_EMBED_SWIFT_STANDARD_LIBRARIES = YES;
				CODE_SIGN_STYLE = Automatic;
				CURRENT_PROJECT_VERSION = 1;
				DEVELOPMENT_TEAM = 48ZGK5S53A;
				GENERATE_INFOPLIST_FILE = YES;
				MARKETING_VERSION = 1.0;
				PRODUCT_BUNDLE_IDENTIFIER = dev.oleksi.chatOpenAiUITests;
				PRODUCT_NAME = "$(TARGET_NAME)";
				SWIFT_EMIT_LOC_STRINGS = NO;
				SWIFT_VERSION = 5.0;
				TEST_TARGET_NAME = chatOpenAi;
			};
			name = Debug;
		};
		885272FB2B7A42DF001DC7FA /* Release */ = {
			isa = XCBuildConfiguration;
			buildSettings = {
				ALWAYS_EMBED_SWIFT_STANDARD_LIBRARIES = YES;
				CODE_SIGN_STYLE = Automatic;
				CURRENT_PROJECT_VERSION = 1;
				DEVELOPMENT_TEAM = 48ZGK5S53A;
				GENERATE_INFOPLIST_FILE = YES;
				MARKETING_VERSION = 1.0;
				PRODUCT_BUNDLE_IDENTIFIER = dev.oleksi.chatOpenAiUITests;
				PRODUCT_NAME = "$(TARGET_NAME)";
				SWIFT_EMIT_LOC_STRINGS = NO;
				SWIFT_VERSION = 5.0;
				TEST_TARGET_NAME = chatOpenAi;
			};
			name = Release;
		};
/* End XCBuildConfiguration section */

/* Begin XCConfigurationList section */
		885272C72B7A42DE001DC7FA /* Build configuration list for PBXProject "chatOpenAi" */ = {
			isa = XCConfigurationList;
			buildConfigurations = (
				885272F12B7A42DF001DC7FA /* Debug */,
				885272F22B7A42DF001DC7FA /* Release */,
			);
			defaultConfigurationIsVisible = 0;
			defaultConfigurationName = Release;
		};
		885272F32B7A42DF001DC7FA /* Build configuration list for PBXNativeTarget "chatOpenAi" */ = {
			isa = XCConfigurationList;
			buildConfigurations = (
				885272F42B7A42DF001DC7FA /* Debug */,
				885272F52B7A42DF001DC7FA /* Release */,
			);
			defaultConfigurationIsVisible = 0;
			defaultConfigurationName = Release;
		};
		885272F62B7A42DF001DC7FA /* Build configuration list for PBXNativeTarget "chatOpenAiTests" */ = {
			isa = XCConfigurationList;
			buildConfigurations = (
				885272F72B7A42DF001DC7FA /* Debug */,
				885272F82B7A42DF001DC7FA /* Release */,
			);
			defaultConfigurationIsVisible = 0;
			defaultConfigurationName = Release;
		};
		885272F92B7A42DF001DC7FA /* Build configuration list for PBXNativeTarget "chatOpenAiUITests" */ = {
			isa = XCConfigurationList;
			buildConfigurations = (
				885272FA2B7A42DF001DC7FA /* Debug */,
				885272FB2B7A42DF001DC7FA /* Release */,
			);
			defaultConfigurationIsVisible = 0;
			defaultConfigurationName = Release;
		};
/* End XCConfigurationList section */

/* Begin XCRemoteSwiftPackageReference section */
		88B281052B910508008C8046 /* XCRemoteSwiftPackageReference "swift-markdown-ui" */ = {
			isa = XCRemoteSwiftPackageReference;
			repositoryURL = "https://github.com/gonzalezreal/swift-markdown-ui.git";
			requirement = {
				kind = upToNextMajorVersion;
				minimumVersion = 2.3.0;
			};
		};
/* End XCRemoteSwiftPackageReference section */

/* Begin XCSwiftPackageProductDependency section */
		88B281062B910508008C8046 /* MarkdownUI */ = {
			isa = XCSwiftPackageProductDependency;
			package = 88B281052B910508008C8046 /* XCRemoteSwiftPackageReference "swift-markdown-ui" */;
			productName = MarkdownUI;
		};
/* End XCSwiftPackageProductDependency section */
	};
	rootObject = 885272C42B7A42DE001DC7FA /* Project object */;
}
